
Microsoft Visual Studio Solution File, Format Version 12.00
Project("{FAE04EC0-301F-11D3-BF4B-00C04F79EFBC}") = "SecurityLab3", "SecurityLab3\SecurityLab3.csproj", "{881AFD1E-B115-4FFD-AC0B-70BCC7007EDF}"
EndProject
Global
	GlobalSection(SolutionConfigurationPlatforms) = preSolution
		Debug|Any CPU = Debug|Any CPU
		Release|Any CPU = Release|Any CPU
	EndGlobalSection
	GlobalSection(ProjectConfigurationPlatforms) = postSolution
		{881AFD1E-B115-4FFD-AC0B-70BCC7007EDF}.Debug|Any CPU.ActiveCfg = Debug|Any CPU
		{881AFD1E-B115-4FFD-AC0B-70BCC7007EDF}.Debug|Any CPU.Build.0 = Debug|Any CPU
		{881AFD1E-B115-4FFD-AC0B-70BCC7007EDF}.Release|Any CPU.ActiveCfg = Release|Any CPU
		{881AFD1E-B115-4FFD-AC0B-70BCC7007EDF}.Release|Any CPU.Build.0 = Release|Any CPU
	EndGlobalSection
EndGlobal
